// !$*UTF8*$!
{
	archiveVersion = 1;
	classes = {
	};
	objectVersion = 48;
	objects = {

/* Begin PBXBuildFile section */
		67A074BC2061F66B005A4ED1 /* AppDelegate.m in Sources */ = {isa = PBXBuildFile; fileRef = 67A074BB2061F66B005A4ED1 /* AppDelegate.m */; };
		67A074BF2061F66B005A4ED1 /* ViewController.m in Sources */ = {isa = PBXBuildFile; fileRef = 67A074BE2061F66B005A4ED1 /* ViewController.m */; };
		67A074C22061F66B005A4ED1 /* Main.storyboard in Resources */ = {isa = PBXBuildFile; fileRef = 67A074C02061F66B005A4ED1 /* Main.storyboard */; };
		67A074C72061F66B005A4ED1 /* LaunchScreen.storyboard in Resources */ = {isa = PBXBuildFile; fileRef = 67A074C52061F66B005A4ED1 /* LaunchScreen.storyboard */; };
		67A074CA2061F66B005A4ED1 /* main.m in Sources */ = {isa = PBXBuildFile; fileRef = 67A074C92061F66B005A4ED1 /* main.m */; };
		67A074D120620537005A4ED1 /* questions.plist in Resources */ = {isa = PBXBuildFile; fileRef = 67A074D020620537005A4ED1 /* questions.plist */; };
		67A074D320620F05005A4ED1 /* Assets.xcassets in Resources */ = {isa = PBXBuildFile; fileRef = 67A074D220620F05005A4ED1 /* Assets.xcassets */; };
		67A074D62062510D005A4ED1 /* AppModel.m in Sources */ = {isa = PBXBuildFile; fileRef = 67A074D52062510D005A4ED1 /* AppModel.m */; };
/* End PBXBuildFile section */

/* Begin PBXFileReference section */
		67A074B72061F66B005A4ED1 /* GuessPhotos.app */ = {isa = PBXFileReference; explicitFileType = wrapper.application; includeInIndex = 0; path = GuessPhotos.app; sourceTree = BUILT_PRODUCTS_DIR; };
		67A074BA2061F66B005A4ED1 /* AppDelegate.h */ = {isa = PBXFileReference; lastKnownFileType = sourcecode.c.h; path = AppDelegate.h; sourceTree = "<group>"; };
		67A074BB2061F66B005A4ED1 /* AppDelegate.m */ = {isa = PBXFileReference; lastKnownFileType = sourcecode.c.objc; path = AppDelegate.m; sourceTree = "<group>"; };
		67A074BD2061F66B005A4ED1 /* ViewController.h */ = {isa = PBXFileReference; lastKnownFileType = sourcecode.c.h; path = ViewController.h; sourceTree = "<group>"; };
		67A074BE2061F66B005A4ED1 /* ViewController.m */ = {isa = PBXFileReference; lastKnownFileType = sourcecode.c.objc; path = ViewController.m; sourceTree = "<group>"; };
		67A074C12061F66B005A4ED1 /* Base */ = {isa = PBXFileReference; lastKnownFileType = file.storyboard; name = Base; path = Base.lproj/Main.storyboard; sourceTree = "<group>"; };
		67A074C62061F66B005A4ED1 /* Base */ = {isa = PBXFileReference; lastKnownFileType = file.storyboard; name = Base; path = Base.lproj/LaunchScreen.storyboard; sourceTree = "<group>"; };
		67A074C82061F66B005A4ED1 /* Info.plist */ = {isa = PBXFileReference; lastKnownFileType = text.plist.xml; path = Info.plist; sourceTree = "<group>"; };
		67A074C92061F66B005A4ED1 /* main.m */ = {isa = PBXFileReference; lastKnownFileType = sourcecode.c.objc; path = main.m; sourceTree = "<group>"; };
		67A074D020620537005A4ED1 /* questions.plist */ = {isa = PBXFileReference; lastKnownFileType = text.plist.xml; path = questions.plist; sourceTree = "<group>"; };
		67A074D220620F05005A4ED1 /* Assets.xcassets */ = {isa = PBXFileReference; lastKnownFileType = folder.assetcatalog; path = Assets.xcassets; sourceTree = "<group>"; };
		67A074D42062510D005A4ED1 /* AppModel.h */ = {isa = PBXFileReference; lastKnownFileType = sourcecode.c.h; path = AppModel.h; sourceTree = "<group>"; };
		67A074D52062510D005A4ED1 /* AppModel.m */ = {isa = PBXFileReference; lastKnownFileType = sourcecode.c.objc; path = AppModel.m; sourceTree = "<group>"; };
/* End PBXFileReference section */

/* Begin PBXFrameworksBuildPhase section */
		67A074B42061F66B005A4ED1 /* Frameworks */ = {
			isa = PBXFrameworksBuildPhase;
			buildActionMask = 2147483647;
			files = (
			);
			runOnlyForDeploymentPostprocessing = 0;
		};
/* End PBXFrameworksBuildPhase section */

/* Begin PBXGroup section */
		67A074AE2061F66A005A4ED1 = {
			isa = PBXGroup;
			children = (
				67A074B92061F66B005A4ED1 /* GuessPhotos */,
				67A074B82061F66B005A4ED1 /* Products */,
			);
			sourceTree = "<group>";
		};
		67A074B82061F66B005A4ED1 /* Products */ = {
			isa = PBXGroup;
			children = (
				67A074B72061F66B005A4ED1 /* GuessPhotos.app */,
			);
			name = Products;
			sourceTree = "<group>";
		};
		67A074B92061F66B005A4ED1 /* GuessPhotos */ = {
			isa = PBXGroup;
			children = (
				67A074D820625120005A4ED1 /* Models */,
				67A074D72062511A005A4ED1 /* Controllers */,
				67A074DA20625179005A4ED1 /* Others */,
				67A074D220620F05005A4ED1 /* Assets.xcassets */,
				67A074C02061F66B005A4ED1 /* Main.storyboard */,
				67A074D020620537005A4ED1 /* questions.plist */,
				67A074C52061F66B005A4ED1 /* LaunchScreen.storyboard */,
				67A074C82061F66B005A4ED1 /* Info.plist */,
			);
			path = GuessPhotos;
			sourceTree = "<group>";
		};
		67A074D72062511A005A4ED1 /* Controllers */ = {
			isa = PBXGroup;
			children = (
				67A074BD2061F66B005A4ED1 /* ViewController.h */,
				67A074BE2061F66B005A4ED1 /* ViewController.m */,
			);
			path = Controllers;
			sourceTree = "<group>";
		};
		67A074D820625120005A4ED1 /* Models */ = {
			isa = PBXGroup;
			children = (
				67A074D42062510D005A4ED1 /* AppModel.h */,
				67A074D52062510D005A4ED1 /* AppModel.m */,
			);
			path = Models;
			sourceTree = "<group>";
		};
		67A074DA20625179005A4ED1 /* Others */ = {
			isa = PBXGroup;
			children = (
				67A074BB2061F66B005A4ED1 /* AppDelegate.m */,
				67A074BA2061F66B005A4ED1 /* AppDelegate.h */,
				67A074C92061F66B005A4ED1 /* main.m */,
			);
			path = Others;
			sourceTree = "<group>";
		};
/* End PBXGroup section */

/* Begin PBXNativeTarget section */
		67A074B62061F66B005A4ED1 /* GuessPhotos */ = {
			isa = PBXNativeTarget;
			buildConfigurationList = 67A074CD2061F66B005A4ED1 /* Build configuration list for PBXNativeTarget "GuessPhotos" */;
			buildPhases = (
				67A074B32061F66B005A4ED1 /* Sources */,
				67A074B42061F66B005A4ED1 /* Frameworks */,
				67A074B52061F66B005A4ED1 /* Resources */,
			);
			buildRules = (
			);
			dependencies = (
			);
			name = GuessPhotos;
			productName = GuessPhotos;
			productReference = 67A074B72061F66B005A4ED1 /* GuessPhotos.app */;
			productType = "com.apple.product-type.application";
		};
/* End PBXNativeTarget section */

/* Begin PBXProject section */
		67A074AF2061F66A005A4ED1 /* Project object */ = {
			isa = PBXProject;
			attributes = {
				LastUpgradeCheck = 0920;
				ORGANIZATIONNAME = "李一贤";
				TargetAttributes = {
					67A074B62061F66B005A4ED1 = {
						CreatedOnToolsVersion = 9.2;
						ProvisioningStyle = Automatic;
					};
				};
			};
			buildConfigurationList = 67A074B22061F66B005A4ED1 /* Build configuration list for PBXProject "GuessPhotos" */;
			compatibilityVersion = "Xcode 8.0";
			developmentRegion = en;
			hasScannedForEncodings = 0;
			knownRegions = (
				en,
				Base,
			);
			mainGroup = 67A074AE2061F66A005A4ED1;
			productRefGroup = 67A074B82061F66B005A4ED1 /* Products */;
			projectDirPath = "";
			projectRoot = "";
			targets = (
				67A074B62061F66B005A4ED1 /* GuessPhotos */,
			);
		};
/* End PBXProject section */

/* Begin PBXResourcesBuildPhase section */
		67A074B52061F66B005A4ED1 /* Resources */ = {
			isa = PBXResourcesBuildPhase;
			buildActionMask = 2147483647;
			files = (
				67A074C72061F66B005A4ED1 /* LaunchScreen.storyboard in Resources */,
				67A074D120620537005A4ED1 /* questions.plist in Resources */,
				67A074D320620F05005A4ED1 /* Assets.xcassets in Resources */,
				67A074C22061F66B005A4ED1 /* Main.storyboard in Resources */,
			);
			runOnlyForDeploymentPostprocessing = 0;
		};
/* End PBXResourcesBuildPhase section */

/* Begin PBXSourcesBuildPhase section */
		67A074B32061F66B005A4ED1 /* Sources */ = {
			isa = PBXSourcesBuildPhase;
			buildActionMask = 2147483647;
			files = (
				67A074BF2061F66B005A4ED1 /* ViewController.m in Sources */,
				67A074CA2061F66B005A4ED1 /* main.m in Sources */,
				67A074BC2061F66B005A4ED1 /* AppDelegate.m in Sources */,
				67A074D62062510D005A4ED1 /* AppModel.m in Sources */,
			);
			runOnlyForDeploymentPostprocessing = 0;
		};
/* End PBXSourcesBuildPhase section */

/* Begin PBXVariantGroup section */
		67A074C02061F66B005A4ED1 /* Main.storyboard */ = {
			isa = PBXVariantGroup;
			children = (
				67A074C12061F66B005A4ED1 /* Base */,
			);
			name = Main.storyboard;
			sourceTree = "<group>";
		};
		67A074C52061F66B005A4ED1 /* LaunchScreen.storyboard */ = {
			isa = PBXVariantGroup;
			children = (
				67A074C62061F66B005A4ED1 /* Base */,
			);
			name = LaunchScreen.storyboard;
			sourceTree = "<group>";
		};
/* End PBXVariantGroup section */

/* Begin XCBuildConfiguration section */
		67A074CB2061F66B005A4ED1 /* Debug */ = {
			isa = XCBuildConfiguration;
			buildSettings = {
				ALWAYS_SEARCH_USER_PATHS = NO;
				CLANG_ANALYZER_NONNULL = YES;
				CLANG_ANALYZER_NUMBER_OBJECT_CONVERSION = YES_AGGRESSIVE;
				CLANG_CXX_LANGUAGE_STANDARD = "gnu++14";
				CLANG_CXX_LIBRARY = "libc++";
				CLANG_ENABLE_MODULES = YES;
				CLANG_ENABLE_OBJC_ARC = YES;
				CLANG_WARN_BLOCK_CAPTURE_AUTORELEASING = YES;
				CLANG_WARN_BOOL_CONVERSION = YES;
				CLANG_WARN_COMMA = YES;
				CLANG_WARN_CONSTANT_CONVERSION = YES;
				CLANG_WARN_DIRECT_OBJC_ISA_USAGE = YES_ERROR;
				CLANG_WARN_DOCUMENTATION_COMMENTS = YES;
				CLANG_WARN_EMPTY_BODY = YES;
				CLANG_WARN_ENUM_CONVERSION = YES;
				CLANG_WARN_INFINITE_RECURSION = YES;
				CLANG_WARN_INT_CONVERSION = YES;
				CLANG_WARN_NON_LITERAL_NULL_CONVERSION = YES;
				CLANG_WARN_OBJC_LITERAL_CONVERSION = YES;
				CLANG_WARN_OBJC_ROOT_CLASS = YES_ERROR;
				CLANG_WARN_RANGE_LOOP_ANALYSIS = YES;
				CLANG_WARN_STRICT_PROTOTYPES = YES;
				CLANG_WARN_SUSPICIOUS_MOVE = YES;
				CLANG_WARN_UNGUARDED_AVAILABILITY = YES_AGGRESSIVE;
				CLANG_WARN_UNREACHABLE_CODE = YES;
				CLANG_WARN__DUPLICATE_METHOD_MATCH = YES;
				CODE_SIGN_IDENTITY = "iPhone Developer";
				COPY_PHASE_STRIP = NO;
				DEBUG_INFORMATION_FORMAT = dwarf;
				ENABLE_STRICT_OBJC_MSGSEND = YES;
				ENABLE_TESTABILITY = YES;
				GCC_C_LANGUAGE_STANDARD = gnu11;
				GCC_DYNAMIC_NO_PIC = NO;
				GCC_NO_COMMON_BLOCKS = YES;
				GCC_OPTIMIZATION_LEVEL = 0;
				GCC_PREPROCESSOR_DEFINITIONS = (
					"DEBUG=1",
					"$(inherited)",
				);
				GCC_WARN_64_TO_32_BIT_CONVERSION = YES;
				GCC_WARN_ABOUT_RETURN_TYPE = YES_ERROR;
				GCC_WARN_UNDECLARED_SELECTOR = YES;
				GCC_WARN_UNINITIALIZED_AUTOS = YES_AGGRESSIVE;
				GCC_WARN_UNUSED_FUNCTION = YES;
				GCC_WARN_UNUSED_VARIABLE = YES;
				IPHONEOS_DEPLOYMENT_TARGET = 11.2;
				MTL_ENABLE_DEBUG_INFO = YES;
				ONLY_ACTIVE_ARCH = YES;
				SDKROOT = iphoneos;
			};
			name = Debug;
		};
		67A074CC2061F66B005A4ED1 /* Release */ = {
			isa = XCBuildConfiguration;
			buildSettings = {
				ALWAYS_SEARCH_USER_PATHS = NO;
				CLANG_ANALYZER_NONNULL = YES;
				CLANG_ANALYZER_NUMBER_OBJECT_CONVERSION = YES_AGGRESSIVE;
				CLANG_CXX_LANGUAGE_STANDARD = "gnu++14";
				CLANG_CXX_LIBRARY = "libc++";
				CLANG_ENABLE_MODULES = YES;
				CLANG_ENABLE_OBJC_ARC = YES;
				CLANG_WARN_BLOCK_CAPTURE_AUTORELEASING = YES;
				CLANG_WARN_BOOL_CONVERSION = YES;
				CLANG_WARN_COMMA = YES;
				CLANG_WARN_CONSTANT_CONVERSION = YES;
				CLANG_WARN_DIRECT_OBJC_ISA_USAGE = YES_ERROR;
				CLANG_WARN_DOCUMENTATION_COMMENTS = YES;
				CLANG_WARN_EMPTY_BODY = YES;
				CLANG_WARN_ENUM_CONVERSION = YES;
				CLANG_WARN_INFINITE_RECURSION = YES;
				CLANG_WARN_INT_CONVERSION = YES;
				CLANG_WARN_NON_LITERAL_NULL_CONVERSION = YES;
				CLANG_WARN_OBJC_LITERAL_CONVERSION = YES;
				CLANG_WARN_OBJC_ROOT_CLASS = YES_ERROR;
				CLANG_WARN_RANGE_LOOP_ANALYSIS = YES;
				CLANG_WARN_STRICT_PROTOTYPES = YES;
				CLANG_WARN_SUSPICIOUS_MOVE = YES;
				CLANG_WARN_UNGUARDED_AVAILABILITY = YES_AGGRESSIVE;
				CLANG_WARN_UNREACHABLE_CODE = YES;
				CLANG_WARN__DUPLICATE_METHOD_MATCH = YES;
				CODE_SIGN_IDENTITY = "iPhone Developer";
				COPY_PHASE_STRIP = NO;
				DEBUG_INFORMATION_FORMAT = "dwarf-with-dsym";
				ENABLE_NS_ASSERTIONS = NO;
				ENABLE_STRICT_OBJC_MSGSEND = YES;
				GCC_C_LANGUAGE_STANDARD = gnu11;
				GCC_NO_COMMON_BLOCKS = YES;
				GCC_WARN_64_TO_32_BIT_CONVERSION = YES;
				GCC_WARN_ABOUT_RETURN_TYPE = YES_ERROR;
				GCC_WARN_UNDECLARED_SELECTOR = YES;
				GCC_WARN_UNINITIALIZED_AUTOS = YES_AGGRESSIVE;
				GCC_WARN_UNUSED_FUNCTION = YES;
				GCC_WARN_UNUSED_VARIABLE = YES;
				IPHONEOS_DEPLOYMENT_TARGET = 11.2;
				MTL_ENABLE_DEBUG_INFO = NO;
				SDKROOT = iphoneos;
				VALIDATE_PRODUCT = YES;
			};
			name = Release;
		};
		67A074CE2061F66B005A4ED1 /* Debug */ = {
			isa = XCBuildConfiguration;
			buildSettings = {
				ASSETCATALOG_COMPILER_APPICON_NAME = AppIcon;
				CODE_SIGN_STYLE = Automatic;
				INFOPLIST_FILE = GuessPhotos/Info.plist;
				LD_RUNPATH_SEARCH_PATHS = "$(inherited) @executable_path/Frameworks";
				PRODUCT_BUNDLE_IDENTIFIER = com.myTest.GuessPhotos;
				PRODUCT_NAME = "$(TARGET_NAME)";
				TARGETED_DEVICE_FAMILY = "1,2";
			};
			name = Debug;
		};
		67A074CF2061F66B005A4ED1 /* Release */ = {
			isa = XCBuildConfiguration;
			buildSettings = {
				ASSETCATALOG_COMPILER_APPICON_NAME = AppIcon;
				CODE_SIGN_STYLE = Automatic;
				INFOPLIST_FILE = GuessPhotos/Info.plist;
				LD_RUNPATH_SEARCH_PATHS = "$(inherited) @executable_path/Frameworks";
				PRODUCT_BUNDLE_IDENTIFIER = com.myTest.GuessPhotos;
				PRODUCT_NAME = "$(TARGET_NAME)";
				TARGETED_DEVICE_FAMILY = "1,2";
			};
			name = Release;
		};
/* End XCBuildConfiguration section */

/* Begin XCConfigurationList section */
		67A074B22061F66B005A4ED1 /* Build configuration list for PBXProject "GuessPhotos" */ = {
			isa = XCConfigurationList;
			buildConfigurations = (
				67A074CB2061F66B005A4ED1 /* Debug */,
				67A074CC2061F66B005A4ED1 /* Release */,
			);
			defaultConfigurationIsVisible = 0;
			defaultConfigurationName = Release;
		};
		67A074CD2061F66B005A4ED1 /* Build configuration list for PBXNativeTarget "GuessPhotos" */ = {
			isa = XCConfigurationList;
			buildConfigurations = (
				67A074CE2061F66B005A4ED1 /* Debug */,
				67A074CF2061F66B005A4ED1 /* Release */,
			);
			defaultConfigurationIsVisible = 0;
			defaultConfigurationName = Release;
		};
/* End XCConfigurationList section */
	};
	rootObject = 67A074AF2061F66A005A4ED1 /* Project object */;
}
